
Microsoft Visual Studio Solution File, Format Version 12.00
# Visual Studio Version 17
VisualStudioVersion = 17.9.34728.123
MinimumVisualStudioVersion = 10.0.40219.1
Project("{9A19103F-16F7-4668-BE54-9A1E7A4F7556}") = "EZSave.WPF", "EZSave.WPF\EZSave.WPF.csproj", "{58AFAF6C-E326-4165-8ADA-3D43E4EDB2E0}"
EndProject
Global
	GlobalSection(SolutionConfigurationPlatforms) = preSolution
		Debug|Any CPU = Debug|Any CPU
		Release|Any CPU = Release|Any CPU
	EndGlobalSection
	GlobalSection(ProjectConfigurationPlatforms) = postSolution
		{58AFAF6C-E326-4165-8ADA-3D43E4EDB2E0}.Debug|Any CPU.ActiveCfg = Debug|Any CPU
		{58AFAF6C-E326-4165-8ADA-3D43E4EDB2E0}.Debug|Any CPU.Build.0 = Debug|Any CPU
		{58AFAF6C-E326-4165-8ADA-3D43E4EDB2E0}.Release|Any CPU.ActiveCfg = Release|Any CPU
		{58AFAF6C-E326-4165-8ADA-3D43E4EDB2E0}.Release|Any CPU.Build.0 = Release|Any CPU
	EndGlobalSection
	GlobalSection(SolutionProperties) = preSolution
		HideSolutionNode = FALSE
	EndGlobalSection
	GlobalSection(ExtensibilityGlobals) = postSolution
		SolutionGuid = {F1B81744-F0C4-4443-8D05-A8250E4E4BA7}
	EndGlobalSection
EndGlobal
