
Microsoft Visual Studio Solution File, Format Version 12.00
# Visual Studio Version 17
VisualStudioVersion = 17.11.35312.102
MinimumVisualStudioVersion = 10.0.40219.1
Project("{9A19103F-16F7-4668-BE54-9A1E7A4F7556}") = "EZSave.Main", "EZSave.Main\EZSave.Main.csproj", "{A54493A1-16EF-438A-BC14-5715157D32F0}"
EndProject
Project("{9A19103F-16F7-4668-BE54-9A1E7A4F7556}") = "EZSave.Core", "EZSave.Core\EZSave.Core.csproj", "{D2DC9956-E288-405B-8A14-6944D3518F14}"
EndProject
Project("{FAE04EC0-301F-11D3-BF4B-00C04F79EFBC}") = "EZSave.Model", "EZSave.Model\EZSave.Model.csproj", "{4684D4B1-132D-46AD-9B2D-3F6236F60C24}"
EndProject
Global
	GlobalSection(SolutionConfigurationPlatforms) = preSolution
		Debug|Any CPU = Debug|Any CPU
		Release|Any CPU = Release|Any CPU
	EndGlobalSection
	GlobalSection(ProjectConfigurationPlatforms) = postSolution
		{A54493A1-16EF-438A-BC14-5715157D32F0}.Debug|Any CPU.ActiveCfg = Debug|Any CPU
		{A54493A1-16EF-438A-BC14-5715157D32F0}.Debug|Any CPU.Build.0 = Debug|Any CPU
		{A54493A1-16EF-438A-BC14-5715157D32F0}.Release|Any CPU.ActiveCfg = Release|Any CPU
		{A54493A1-16EF-438A-BC14-5715157D32F0}.Release|Any CPU.Build.0 = Release|Any CPU
		{D2DC9956-E288-405B-8A14-6944D3518F14}.Debug|Any CPU.ActiveCfg = Debug|Any CPU
		{D2DC9956-E288-405B-8A14-6944D3518F14}.Debug|Any CPU.Build.0 = Debug|Any CPU
		{D2DC9956-E288-405B-8A14-6944D3518F14}.Release|Any CPU.ActiveCfg = Release|Any CPU
		{D2DC9956-E288-405B-8A14-6944D3518F14}.Release|Any CPU.Build.0 = Release|Any CPU
		{4684D4B1-132D-46AD-9B2D-3F6236F60C24}.Debug|Any CPU.ActiveCfg = Debug|Any CPU
		{4684D4B1-132D-46AD-9B2D-3F6236F60C24}.Debug|Any CPU.Build.0 = Debug|Any CPU
		{4684D4B1-132D-46AD-9B2D-3F6236F60C24}.Release|Any CPU.ActiveCfg = Release|Any CPU
		{4684D4B1-132D-46AD-9B2D-3F6236F60C24}.Release|Any CPU.Build.0 = Release|Any CPU
	EndGlobalSection
	GlobalSection(SolutionProperties) = preSolution
		HideSolutionNode = FALSE
	EndGlobalSection
	GlobalSection(ExtensibilityGlobals) = postSolution
		SolutionGuid = {A027509F-12AB-484A-81DC-02F7B2809AF2}
	EndGlobalSection
EndGlobal
